
Microsoft Visual Studio Solution File, Format Version 12.00
# Visual Studio Version 16
VisualStudioVersion = 16.0.31515.178
MinimumVisualStudioVersion = 10.0.40219.1
Project("{FAE04EC0-301F-11D3-BF4B-00C04F79EFBC}") = "RoutinesProject", "RoutinesProject\RoutinesProject.csproj", "{550CBB59-D08E-4BE9-87CB-86D947DFB405}"
EndProject
Global
	GlobalSection(SolutionConfigurationPlatforms) = preSolution
		Debug|Any CPU = Debug|Any CPU
		Release|Any CPU = Release|Any CPU
	EndGlobalSection
	GlobalSection(ProjectConfigurationPlatforms) = postSolution
		{550CBB59-D08E-4BE9-87CB-86D947DFB405}.Debug|Any CPU.ActiveCfg = Debug|Any CPU
		{550CBB59-D08E-4BE9-87CB-86D947DFB405}.Debug|Any CPU.Build.0 = Debug|Any CPU
		{550CBB59-D08E-4BE9-87CB-86D947DFB405}.Release|Any CPU.ActiveCfg = Release|Any CPU
		{550CBB59-D08E-4BE9-87CB-86D947DFB405}.Release|Any CPU.Build.0 = Release|Any CPU
	EndGlobalSection
	GlobalSection(SolutionProperties) = preSolution
		HideSolutionNode = FALSE
	EndGlobalSection
	GlobalSection(ExtensibilityGlobals) = postSolution
		SolutionGuid = {83A36BC2-0F87-4B8F-9041-6778333A1A8C}
	EndGlobalSection
EndGlobal
