
Microsoft Visual Studio Solution File, Format Version 12.00
# Visual Studio Version 16
VisualStudioVersion = 16.0.31605.320
MinimumVisualStudioVersion = 10.0.40219.1
Project("{9A19103F-16F7-4668-BE54-9A1E7A4F7556}") = "TasksFrontEnd", "TasksFrontEnd\TasksFrontEnd.csproj", "{219C0A9B-1D8B-460B-9F83-99D96B5800A4}"
EndProject
Global
	GlobalSection(SolutionConfigurationPlatforms) = preSolution
		Debug|Any CPU = Debug|Any CPU
		Release|Any CPU = Release|Any CPU
	EndGlobalSection
	GlobalSection(ProjectConfigurationPlatforms) = postSolution
		{219C0A9B-1D8B-460B-9F83-99D96B5800A4}.Debug|Any CPU.ActiveCfg = Debug|Any CPU
		{219C0A9B-1D8B-460B-9F83-99D96B5800A4}.Debug|Any CPU.Build.0 = Debug|Any CPU
		{219C0A9B-1D8B-460B-9F83-99D96B5800A4}.Release|Any CPU.ActiveCfg = Release|Any CPU
		{219C0A9B-1D8B-460B-9F83-99D96B5800A4}.Release|Any CPU.Build.0 = Release|Any CPU
	EndGlobalSection
	GlobalSection(SolutionProperties) = preSolution
		HideSolutionNode = FALSE
	EndGlobalSection
	GlobalSection(ExtensibilityGlobals) = postSolution
		SolutionGuid = {B79AA814-1ACC-47C5-99C5-B42510E3D360}
	EndGlobalSection
EndGlobal
